
Microsoft Visual Studio Solution File, Format Version 12.00
# Visual Studio Version 16
VisualStudioVersion = 16.0.29102.190
MinimumVisualStudioVersion = 10.0.40219.1
Project("{FAE04EC0-301F-11D3-BF4B-00C04F79EFBC}") = "task44", "task44\task44.csproj", "{ADB2A84B-55D7-4C1A-AE65-28069CB64AB5}"
EndProject
Global
	GlobalSection(SolutionConfigurationPlatforms) = preSolution
		Debug|Any CPU = Debug|Any CPU
		Release|Any CPU = Release|Any CPU
	EndGlobalSection
	GlobalSection(ProjectConfigurationPlatforms) = postSolution
		{ADB2A84B-55D7-4C1A-AE65-28069CB64AB5}.Debug|Any CPU.ActiveCfg = Debug|Any CPU
		{ADB2A84B-55D7-4C1A-AE65-28069CB64AB5}.Debug|Any CPU.Build.0 = Debug|Any CPU
		{ADB2A84B-55D7-4C1A-AE65-28069CB64AB5}.Release|Any CPU.ActiveCfg = Release|Any CPU
		{ADB2A84B-55D7-4C1A-AE65-28069CB64AB5}.Release|Any CPU.Build.0 = Release|Any CPU
	EndGlobalSection
	GlobalSection(SolutionProperties) = preSolution
		HideSolutionNode = FALSE
	EndGlobalSection
	GlobalSection(ExtensibilityGlobals) = postSolution
		SolutionGuid = {47407C4E-DE7C-40D2-926E-BB7E0CD0A15B}
	EndGlobalSection
EndGlobal
